
Microsoft Visual Studio Solution File, Format Version 12.00
# Visual Studio 15
VisualStudioVersion = 15.0.26430.12
MinimumVisualStudioVersion = 10.0.40219.1
Project("{888888A0-9F3D-457C-B088-3A5042F75D52}") = "Classification_wk3_2", "Classification_wk3_2\Classification_wk3_2.pyproj", "{4F2C6E64-5C70-4BD4-BC59-C8E32F5EF52E}"
EndProject
Global
	GlobalSection(SolutionConfigurationPlatforms) = preSolution
		Debug|Any CPU = Debug|Any CPU
		Release|Any CPU = Release|Any CPU
	EndGlobalSection
	GlobalSection(ProjectConfigurationPlatforms) = postSolution
		{4F2C6E64-5C70-4BD4-BC59-C8E32F5EF52E}.Debug|Any CPU.ActiveCfg = Debug|Any CPU
		{4F2C6E64-5C70-4BD4-BC59-C8E32F5EF52E}.Release|Any CPU.ActiveCfg = Release|Any CPU
	EndGlobalSection
	GlobalSection(SolutionProperties) = preSolution
		HideSolutionNode = FALSE
	EndGlobalSection
EndGlobal
